
Microsoft Visual Studio Solution File, Format Version 12.00
# Visual Studio Version 17
VisualStudioVersion = 17.14.36511.14 d17.14
MinimumVisualStudioVersion = 10.0.40219.1
Project("{FAE04EC0-301F-11D3-BF4B-00C04F79EFBC}") = "EmpMS", "EmpMS\EmpMS.csproj", "{DF989DD1-7248-4A42-8CE4-6F9C4C4541BB}"
EndProject
Global
	GlobalSection(SolutionConfigurationPlatforms) = preSolution
		Debug|Any CPU = Debug|Any CPU
		Release|Any CPU = Release|Any CPU
	EndGlobalSection
	GlobalSection(ProjectConfigurationPlatforms) = postSolution
		{DF989DD1-7248-4A42-8CE4-6F9C4C4541BB}.Debug|Any CPU.ActiveCfg = Debug|Any CPU
		{DF989DD1-7248-4A42-8CE4-6F9C4C4541BB}.Debug|Any CPU.Build.0 = Debug|Any CPU
		{DF989DD1-7248-4A42-8CE4-6F9C4C4541BB}.Release|Any CPU.ActiveCfg = Release|Any CPU
		{DF989DD1-7248-4A42-8CE4-6F9C4C4541BB}.Release|Any CPU.Build.0 = Release|Any CPU
	EndGlobalSection
	GlobalSection(SolutionProperties) = preSolution
		HideSolutionNode = FALSE
	EndGlobalSection
	GlobalSection(ExtensibilityGlobals) = postSolution
		SolutionGuid = {54F3D11F-11A0-4A34-9FE0-4630E5118C05}
	EndGlobalSection
EndGlobal
